
Microsoft Visual Studio Solution File, Format Version 12.00
# Visual Studio 16
Project("{FAE04EC0-301F-11D3-BF4B-00C04F79EFBC}") = "Assembly-CSharp", "Assembly-CSharp.csproj", "{BE63C9C6-3BE9-B5BB-9962-B1B6A54EADFC}"
EndProject
Project("{FAE04EC0-301F-11D3-BF4B-00C04F79EFBC}") = "Assembly-CSharp-Editor", "Assembly-CSharp-Editor.csproj", "{D065B873-6151-8AEC-0745-19BCDB3A4BAA}"
EndProject
Global
	GlobalSection(SolutionConfigurationPlatforms) = preSolution
		Debug|Any CPU = Debug|Any CPU
		Release|Any CPU = Release|Any CPU
	EndGlobalSection
	GlobalSection(ProjectConfigurationPlatforms) = postSolution
		{BE63C9C6-3BE9-B5BB-9962-B1B6A54EADFC}.Debug|Any CPU.ActiveCfg = Debug|Any CPU
		{BE63C9C6-3BE9-B5BB-9962-B1B6A54EADFC}.Debug|Any CPU.Build.0 = Debug|Any CPU
		{BE63C9C6-3BE9-B5BB-9962-B1B6A54EADFC}.Release|Any CPU.ActiveCfg = Release|Any CPU
		{BE63C9C6-3BE9-B5BB-9962-B1B6A54EADFC}.Release|Any CPU.Build.0 = Release|Any CPU
		{D065B873-6151-8AEC-0745-19BCDB3A4BAA}.Debug|Any CPU.ActiveCfg = Debug|Any CPU
		{D065B873-6151-8AEC-0745-19BCDB3A4BAA}.Debug|Any CPU.Build.0 = Debug|Any CPU
		{D065B873-6151-8AEC-0745-19BCDB3A4BAA}.Release|Any CPU.ActiveCfg = Release|Any CPU
		{D065B873-6151-8AEC-0745-19BCDB3A4BAA}.Release|Any CPU.Build.0 = Release|Any CPU
	EndGlobalSection
	GlobalSection(SolutionProperties) = preSolution
		HideSolutionNode = FALSE
	EndGlobalSection
EndGlobal
